
Microsoft Visual Studio Solution File, Format Version 12.00
# Visual Studio Version 17
VisualStudioVersion = 17.0.31903.59
MinimumVisualStudioVersion = 10.0.40219.1
Project("{2150E333-8FDC-42A3-9474-1A3956D46DE8}") = "Onion", "Onion", "{1463D22F-7AC1-4F5C-9444-7EAF202858D9}"
EndProject
Project("{2150E333-8FDC-42A3-9474-1A3956D46DE8}") = "Core", "Core", "{773E7F52-93DB-43D9-92F7-35E4B2E282E8}"
EndProject
Project("{9A19103F-16F7-4668-BE54-9A1E7A4F7556}") = "Application", "Onion\Core\Application\Application.csproj", "{D93EEABC-0075-4421-A363-CCB14931E114}"
EndProject
Project("{9A19103F-16F7-4668-BE54-9A1E7A4F7556}") = "Domain", "Onion\Core\Domain\Domain.csproj", "{65D628D6-9AEE-440F-9542-12E2D658C937}"
EndProject
Project("{2150E333-8FDC-42A3-9474-1A3956D46DE8}") = "Infrastructure", "Infrastructure", "{24A823CE-3FF4-49E0-AEC1-542EC855D917}"
EndProject
Project("{9A19103F-16F7-4668-BE54-9A1E7A4F7556}") = "Persistence", "Onion\Infrastructure\Persistence\Persistence.csproj", "{DFC5BB8F-759F-440A-8DB4-88E0EE6DA83A}"
EndProject
Project("{2150E333-8FDC-42A3-9474-1A3956D46DE8}") = "Presentation", "Presentation", "{FABDFA44-DC66-459B-B6A2-9A7EC3354027}"
EndProject
Project("{9A19103F-16F7-4668-BE54-9A1E7A4F7556}") = "UI", "Onion\Presentation\UI\UI.csproj", "{B4004104-2C9D-4E08-A54B-FA9299D684BA}"
EndProject
Project("{9A19103F-16F7-4668-BE54-9A1E7A4F7556}") = "Common", "Onion\Core\Common\Common.csproj", "{2F4634AE-F23A-43DD-92B1-374D1DE19F60}"
EndProject
Project("{9A19103F-16F7-4668-BE54-9A1E7A4F7556}") = "Infrastructure", "Onion\Infrastructure\Infrastructure\Infrastructure.csproj", "{F4447DE0-D190-4AEC-A3A5-F27C5973A07B}"
EndProject
Global
	GlobalSection(SolutionConfigurationPlatforms) = preSolution
		Debug|Any CPU = Debug|Any CPU
		Release|Any CPU = Release|Any CPU
	EndGlobalSection
	GlobalSection(ProjectConfigurationPlatforms) = postSolution
		{D93EEABC-0075-4421-A363-CCB14931E114}.Debug|Any CPU.ActiveCfg = Debug|Any CPU
		{D93EEABC-0075-4421-A363-CCB14931E114}.Debug|Any CPU.Build.0 = Debug|Any CPU
		{D93EEABC-0075-4421-A363-CCB14931E114}.Release|Any CPU.ActiveCfg = Release|Any CPU
		{D93EEABC-0075-4421-A363-CCB14931E114}.Release|Any CPU.Build.0 = Release|Any CPU
		{65D628D6-9AEE-440F-9542-12E2D658C937}.Debug|Any CPU.ActiveCfg = Debug|Any CPU
		{65D628D6-9AEE-440F-9542-12E2D658C937}.Debug|Any CPU.Build.0 = Debug|Any CPU
		{65D628D6-9AEE-440F-9542-12E2D658C937}.Release|Any CPU.ActiveCfg = Release|Any CPU
		{65D628D6-9AEE-440F-9542-12E2D658C937}.Release|Any CPU.Build.0 = Release|Any CPU
		{DFC5BB8F-759F-440A-8DB4-88E0EE6DA83A}.Debug|Any CPU.ActiveCfg = Debug|Any CPU
		{DFC5BB8F-759F-440A-8DB4-88E0EE6DA83A}.Debug|Any CPU.Build.0 = Debug|Any CPU
		{DFC5BB8F-759F-440A-8DB4-88E0EE6DA83A}.Release|Any CPU.ActiveCfg = Release|Any CPU
		{DFC5BB8F-759F-440A-8DB4-88E0EE6DA83A}.Release|Any CPU.Build.0 = Release|Any CPU
		{B4004104-2C9D-4E08-A54B-FA9299D684BA}.Debug|Any CPU.ActiveCfg = Debug|Any CPU
		{B4004104-2C9D-4E08-A54B-FA9299D684BA}.Debug|Any CPU.Build.0 = Debug|Any CPU
		{B4004104-2C9D-4E08-A54B-FA9299D684BA}.Release|Any CPU.ActiveCfg = Release|Any CPU
		{B4004104-2C9D-4E08-A54B-FA9299D684BA}.Release|Any CPU.Build.0 = Release|Any CPU
		{2F4634AE-F23A-43DD-92B1-374D1DE19F60}.Debug|Any CPU.ActiveCfg = Debug|Any CPU
		{2F4634AE-F23A-43DD-92B1-374D1DE19F60}.Debug|Any CPU.Build.0 = Debug|Any CPU
		{2F4634AE-F23A-43DD-92B1-374D1DE19F60}.Release|Any CPU.ActiveCfg = Release|Any CPU
		{2F4634AE-F23A-43DD-92B1-374D1DE19F60}.Release|Any CPU.Build.0 = Release|Any CPU
		{F4447DE0-D190-4AEC-A3A5-F27C5973A07B}.Debug|Any CPU.ActiveCfg = Debug|Any CPU
		{F4447DE0-D190-4AEC-A3A5-F27C5973A07B}.Debug|Any CPU.Build.0 = Debug|Any CPU
		{F4447DE0-D190-4AEC-A3A5-F27C5973A07B}.Release|Any CPU.ActiveCfg = Release|Any CPU
		{F4447DE0-D190-4AEC-A3A5-F27C5973A07B}.Release|Any CPU.Build.0 = Release|Any CPU
	EndGlobalSection
	GlobalSection(SolutionProperties) = preSolution
		HideSolutionNode = FALSE
	EndGlobalSection
	GlobalSection(NestedProjects) = preSolution
		{773E7F52-93DB-43D9-92F7-35E4B2E282E8} = {1463D22F-7AC1-4F5C-9444-7EAF202858D9}
		{D93EEABC-0075-4421-A363-CCB14931E114} = {773E7F52-93DB-43D9-92F7-35E4B2E282E8}
		{65D628D6-9AEE-440F-9542-12E2D658C937} = {773E7F52-93DB-43D9-92F7-35E4B2E282E8}
		{24A823CE-3FF4-49E0-AEC1-542EC855D917} = {1463D22F-7AC1-4F5C-9444-7EAF202858D9}
		{DFC5BB8F-759F-440A-8DB4-88E0EE6DA83A} = {24A823CE-3FF4-49E0-AEC1-542EC855D917}
		{FABDFA44-DC66-459B-B6A2-9A7EC3354027} = {1463D22F-7AC1-4F5C-9444-7EAF202858D9}
		{B4004104-2C9D-4E08-A54B-FA9299D684BA} = {FABDFA44-DC66-459B-B6A2-9A7EC3354027}
		{2F4634AE-F23A-43DD-92B1-374D1DE19F60} = {773E7F52-93DB-43D9-92F7-35E4B2E282E8}
		{F4447DE0-D190-4AEC-A3A5-F27C5973A07B} = {24A823CE-3FF4-49E0-AEC1-542EC855D917}
	EndGlobalSection
	GlobalSection(ExtensibilityGlobals) = postSolution
		SolutionGuid = {754C251C-26AF-404F-8100-A10E44A938CA}
	EndGlobalSection
EndGlobal
